{
  "name": "drawing_card",
  "version": "1.0.0",
  "lockfileVersion": 1,
  "requires": true,
  "dependencies": {
    "@iden3/bigarray": {
      "version": "0.0.2",
      "resolved": "https://registry.npmjs.org/@iden3/bigarray/-/bigarray-0.0.2.tgz",
      "integrity": "sha512-Xzdyxqm1bOFF6pdIsiHLLl3HkSLjbhqJHVyqaTxXt3RqXBEnmsUmEW47H7VOi/ak7TdkRpNkxjyK5Zbkm+y52g=="
    },
    "@iden3/binfileutils": {
      "version": "0.0.10",
      "resolved": "https://registry.npmjs.org/@iden3/binfileutils/-/binfileutils-0.0.10.tgz",
      "integrity": "sha512-mDtBiKYcHs9K8vnznd8md0In6e5hL6i7ITzlHQ6Xxx6kvGAgB8UZeHJ0KswS6IJK4x9v2mwHsh5kIDl245cQZg==",
      "requires": {
        "fastfile": "0.0.19",
        "ffjavascript": "^0.2.48"
      }
    },
    "ansi-styles": {
      "version": "3.2.1",
      "resolved": "https://registry.npmjs.org/ansi-styles/-/ansi-styles-3.2.1.tgz",
      "integrity": "sha512-VT0ZI6kZRdTh8YyJw3SMbYm/u+NqfsAxEpWO0Pf9sq8/e94WxxOpPKx9FR1FlyCtOVDNOQ+8ntlqFxiRc+r5qA==",
      "requires": {
        "color-convert": "^1.9.0"
      }
    },
    "async": {
      "version": "0.9.2",
      "resolved": "https://registry.npmjs.org/async/-/async-0.9.2.tgz",
      "integrity": "sha1-rqdNXmHB+JlhO/ZL2mbUx48v0X0="
    },
    "b4a": {
      "version": "1.3.1",
      "resolved": "https://registry.npmjs.org/b4a/-/b4a-1.3.1.tgz",
      "integrity": "sha512-ULHjbJGjZcdA5bugDNAAcMA6GWXX/9N10I6AQc14TH+Sr7bMfT+NHuJnOFGPJWLtzYa6Tz+PnFD2D/1bISLLZQ=="
    },
    "balanced-match": {
      "version": "1.0.2",
      "resolved": "https://registry.npmjs.org/balanced-match/-/balanced-match-1.0.2.tgz",
      "integrity": "sha512-3oSeUO0TMV67hN1AmbXsK4yaqU7tjiHlbxRDZOpH0KW9+CeX4bRAaX0Anxt0tx2MrpRpWwQaPwIlISEJhYU5Pw=="
    },
    "big-integer": {
      "version": "1.6.51",
      "resolved": "https://registry.npmjs.org/big-integer/-/big-integer-1.6.51.tgz",
      "integrity": "sha512-GPEid2Y9QU1Exl1rpO9B2IPJGHPSupF5GnVIP0blYvNOMer2bTvSWs1jGOUg04hTmu67nmLsQ9TBo1puaotBHg=="
    },
    "blake2b-wasm": {
      "version": "2.4.0",
      "resolved": "https://registry.npmjs.org/blake2b-wasm/-/blake2b-wasm-2.4.0.tgz",
      "integrity": "sha512-S1kwmW2ZhZFFFOghcx73+ZajEfKBqhP82JMssxtLVMxlaPea1p9uoLiUZ5WYyHn0KddwbLc+0vh4wR0KBNoT5w==",
      "requires": {
        "b4a": "^1.0.1",
        "nanoassert": "^2.0.0"
      }
    },
    "blakejs": {
      "version": "1.1.1",
      "resolved": "https://registry.npmjs.org/blakejs/-/blakejs-1.1.1.tgz",
      "integrity": "sha512-bLG6PHOCZJKNshTjGRBvET0vTciwQE6zFKOKKXPDJfwFBd4Ac0yBfPZqcGvGJap50l7ktvlpFqc2jGVaUgbJgg=="
    },
    "brace-expansion": {
      "version": "1.1.11",
      "resolved": "https://registry.npmjs.org/brace-expansion/-/brace-expansion-1.1.11.tgz",
      "integrity": "sha512-iCuPHDFgrHX7H2vEI/5xpz07zSHB00TpugqhmYtVmMO6518mCuRMoOYFldEBl0g187ufozdaHgWKcYFb61qGiA==",
      "requires": {
        "balanced-match": "^1.0.0",
        "concat-map": "0.0.1"
      }
    },
    "chalk": {
      "version": "2.4.2",
      "resolved": "https://registry.npmjs.org/chalk/-/chalk-2.4.2.tgz",
      "integrity": "sha512-Mti+f9lpJNcwF4tWV8/OrTTtF1gZi+f8FqlyAdouralcFWFQWF2+NgCHShjkCb+IFBLq9buZwE1xckQU4peSuQ==",
      "requires": {
        "ansi-styles": "^3.2.1",
        "escape-string-regexp": "^1.0.5",
        "supports-color": "^5.3.0"
      }
    },
    "circom_runtime": {
      "version": "0.1.17",
      "resolved": "https://registry.npmjs.org/circom_runtime/-/circom_runtime-0.1.17.tgz",
      "integrity": "sha512-FCOCPz7ZbqL4TpzBlISRZ7/fcYHkdZz0DMfju1DYHiRU/+ZzJQfDS8JYENlnb9PO+HsLTr6/QtzphqvnEBp9AQ==",
      "requires": {
        "ffjavascript": "0.2.48"
      }
    },
    "circomlib": {
      "version": "2.0.3",
      "resolved": "https://registry.npmjs.org/circomlib/-/circomlib-2.0.3.tgz",
      "integrity": "sha512-OeG1YBcqS8mnsOI1WAZePbyAVBMf398sSQfXetpPAb2HC0+1r9Q6kN/qQaHkJZ77BZmXn5dUqQTa5g6d5BDS3Q=="
    },
    "color-convert": {
      "version": "1.9.3",
      "resolved": "https://registry.npmjs.org/color-convert/-/color-convert-1.9.3.tgz",
      "integrity": "sha512-QfAUtd+vFdAtFQcC8CCyYt1fYWxSqAiK2cSD6zDB8N3cpsEBAvRxp9zOGg6G/SHHJYAT88/az/IuDGALsNVbGg==",
      "requires": {
        "color-name": "1.1.3"
      }
    },
    "color-name": {
      "version": "1.1.3",
      "resolved": "https://registry.npmjs.org/color-name/-/color-name-1.1.3.tgz",
      "integrity": "sha1-p9BVi9icQveV3UIyj3QIMcpTvCU="
    },
    "concat-map": {
      "version": "0.0.1",
      "resolved": "https://registry.npmjs.org/concat-map/-/concat-map-0.0.1.tgz",
      "integrity": "sha1-2Klr13/Wjfd5OnMDajug1UBdR3s="
    },
    "ejs": {
      "version": "3.1.6",
      "resolved": "https://registry.npmjs.org/ejs/-/ejs-3.1.6.tgz",
      "integrity": "sha512-9lt9Zse4hPucPkoP7FHDF0LQAlGyF9JVpnClFLFH3aSSbxmyoqINRpp/9wePWJTUl4KOQwRL72Iw3InHPDkoGw==",
      "requires": {
        "jake": "^10.6.1"
      }
    },
    "escape-string-regexp": {
      "version": "1.0.5",
      "resolved": "https://registry.npmjs.org/escape-string-regexp/-/escape-string-regexp-1.0.5.tgz",
      "integrity": "sha1-G2HAViGQqN/2rjuyzwIAyhMLhtQ="
    },
    "fastfile": {
      "version": "0.0.19",
      "resolved": "https://registry.npmjs.org/fastfile/-/fastfile-0.0.19.tgz",
      "integrity": "sha512-tz9nWR5KYb6eR2odFQ7oxqEkx8F3YQZ6NBJoJR92YEG3DqYOqyxMck8PKvTVNKx3uwvOqGnLXNScnqpdHRdHGQ=="
    },
    "ffjavascript": {
      "version": "0.2.48",
      "resolved": "https://registry.npmjs.org/ffjavascript/-/ffjavascript-0.2.48.tgz",
      "integrity": "sha512-uNrWP+odLofNmmO+iCCPi/Xt/sJh1ku3pVKmKWVWCLFfdCP69hvRrogKUIGnsdiINcWn0lGxcEh5oEjStMFXQQ==",
      "requires": {
        "big-integer": "^1.6.48",
        "wasmbuilder": "^0.0.12",
        "wasmcurves": "0.1.0",
        "web-worker": "^1.2.0"
      }
    },
    "filelist": {
      "version": "1.0.2",
      "resolved": "https://registry.npmjs.org/filelist/-/filelist-1.0.2.tgz",
      "integrity": "sha512-z7O0IS8Plc39rTCq6i6iHxk43duYOn8uFJiWSewIq0Bww1RNybVHSCjahmcC87ZqAm4OTvFzlzeGu3XAzG1ctQ==",
      "requires": {
        "minimatch": "^3.0.4"
      }
    },
    "has-flag": {
      "version": "3.0.0",
      "resolved": "https://registry.npmjs.org/has-flag/-/has-flag-3.0.0.tgz",
      "integrity": "sha1-tdRU3CGZriJWmfNGfloH87lVuv0="
    },
    "jake": {
      "version": "10.8.2",
      "resolved": "https://registry.npmjs.org/jake/-/jake-10.8.2.tgz",
      "integrity": "sha512-eLpKyrfG3mzvGE2Du8VoPbeSkRry093+tyNjdYaBbJS9v17knImYGNXQCUV0gLxQtF82m3E8iRb/wdSQZLoq7A==",
      "requires": {
        "async": "0.9.x",
        "chalk": "^2.4.2",
        "filelist": "^1.0.1",
        "minimatch": "^3.0.4"
      }
    },
    "js-sha3": {
      "version": "0.8.0",
      "resolved": "https://registry.npmjs.org/js-sha3/-/js-sha3-0.8.0.tgz",
      "integrity": "sha512-gF1cRrHhIzNfToc802P800N8PpXS+evLLXfsVpowqmAFR9uwbi89WvXg2QspOmXL8QL86J4T1EpFu+yUkwJY3Q=="
    },
    "logplease": {
      "version": "1.2.15",
      "resolved": "https://registry.npmjs.org/logplease/-/logplease-1.2.15.tgz",
      "integrity": "sha512-jLlHnlsPSJjpwUfcNyUxXCl33AYg2cHhIf9QhGL2T4iPT0XPB+xP1LRKFPgIg1M/sg9kAJvy94w9CzBNrfnstA=="
    },
    "minimatch": {
      "version": "3.1.2",
      "resolved": "https://registry.npmjs.org/minimatch/-/minimatch-3.1.2.tgz",
      "integrity": "sha512-J7p63hRiAjw1NDEww1W7i37+ByIrOWO5XQQAzZ3VOcL0PNybwpfmV/N05zFAzwQ9USyEcX6t3UO+K5aqBQOIHw==",
      "requires": {
        "brace-expansion": "^1.1.7"
      }
    },
    "nanoassert": {
      "version": "2.0.0",
      "resolved": "https://registry.npmjs.org/nanoassert/-/nanoassert-2.0.0.tgz",
      "integrity": "sha512-7vO7n28+aYO4J+8w96AzhmU8G+Y/xpPDJz/se19ICsqj/momRbb9mh9ZUtkoJ5X3nTnPdhEJyc0qnM6yAsHBaA=="
    },
    "r1csfile": {
      "version": "0.0.35",
      "resolved": "https://registry.npmjs.org/r1csfile/-/r1csfile-0.0.35.tgz",
      "integrity": "sha512-n6RTn7KxtfHxw5gjljYBaEuhVkXEQ2sZW1XVan7fwdwvQt9Kd65/A0cy+nNHL4GRGAHEaBMdYj0JOl/3kXln4Q==",
      "requires": {
        "@iden3/bigarray": "0.0.2",
        "@iden3/binfileutils": "0.0.10",
        "fastfile": "0.0.19",
        "ffjavascript": "0.2.48"
      }
    },
    "readline": {
      "version": "1.3.0",
      "resolved": "https://registry.npmjs.org/readline/-/readline-1.3.0.tgz",
      "integrity": "sha1-xYDXfvLPyHUrEySYBg3JeTp6wBw="
    },
    "snarkjs": {
      "version": "0.4.15",
      "resolved": "https://registry.npmjs.org/snarkjs/-/snarkjs-0.4.15.tgz",
      "integrity": "sha512-nyjzLKiNKEnq87RpwnSA/QxjYgIQNFq/IBNmesfPM2ijs/evROvmgM+wjVsdd6UxKc0UDgWbdFJxTffOjftJPg==",
      "requires": {
        "@iden3/binfileutils": "0.0.10",
        "blake2b-wasm": "^2.4.0",
        "circom_runtime": "0.1.17",
        "ejs": "^3.1.6",
        "fastfile": "0.0.19",
        "ffjavascript": "0.2.48",
        "js-sha3": "^0.8.0",
        "logplease": "^1.2.15",
        "r1csfile": "0.0.35",
        "readline": "^1.3.0"
      }
    },
    "supports-color": {
      "version": "5.5.0",
      "resolved": "https://registry.npmjs.org/supports-color/-/supports-color-5.5.0.tgz",
      "integrity": "sha512-QjVjwdXIt408MIiAqCX4oUKsgU2EqAGzs2Ppkm4aQYbjm+ZEWEcW4SfFNTr4uMNZma0ey4f5lgLrkB0aX0QMow==",
      "requires": {
        "has-flag": "^3.0.0"
      }
    },
    "wasmbuilder": {
      "version": "0.0.12",
      "resolved": "https://registry.npmjs.org/wasmbuilder/-/wasmbuilder-0.0.12.tgz",
      "integrity": "sha512-dTMpBgrnLOXrN58i2zakn2ScynsBhq9LfyQIsPz4CyxRF9k1GAORniuqn3xmE9NnI1l7g3iiVCkoB2Cl0/oG8w==",
      "requires": {
        "big-integer": "^1.6.48"
      }
    },
    "wasmcurves": {
      "version": "0.1.0",
      "resolved": "https://registry.npmjs.org/wasmcurves/-/wasmcurves-0.1.0.tgz",
      "integrity": "sha512-kIlcgbVUAv2uQ6lGsepGz/m5V40+Z6rvTBkqCYn3Y2+OcXst+UaP4filJYLh/xDxjJl62FFjZZeAnpeli1Y5/Q==",
      "requires": {
        "big-integer": "^1.6.42",
        "blakejs": "^1.1.0"
      }
    },
    "web-worker": {
      "version": "1.2.0",
      "resolved": "https://registry.npmjs.org/web-worker/-/web-worker-1.2.0.tgz",
      "integrity": "sha512-PgF341avzqyx60neE9DD+XS26MMNMoUQRz9NOZwW32nPQrF6p77f1htcnjBSEV8BGMKZ16choqUG4hyI0Hx7mA=="
    }
  }
}
